
Microsoft Visual Studio Solution File, Format Version 12.00
# Visual Studio Version 16
VisualStudioVersion = 16.0.30204.135
MinimumVisualStudioVersion = 10.0.40219.1
Project("{FAE04EC0-301F-11D3-BF4B-00C04F79EFBC}") = "Bank_Application", "Bank_Application.csproj", "{FCD8BFFA-C3C1-42A0-AEC2-608CD17A9B25}"
EndProject
Global
	GlobalSection(SolutionConfigurationPlatforms) = preSolution
		Debug|Any CPU = Debug|Any CPU
		Release|Any CPU = Release|Any CPU
	EndGlobalSection
	GlobalSection(ProjectConfigurationPlatforms) = postSolution
		{FCD8BFFA-C3C1-42A0-AEC2-608CD17A9B25}.Debug|Any CPU.ActiveCfg = Debug|Any CPU
		{FCD8BFFA-C3C1-42A0-AEC2-608CD17A9B25}.Debug|Any CPU.Build.0 = Debug|Any CPU
		{FCD8BFFA-C3C1-42A0-AEC2-608CD17A9B25}.Release|Any CPU.ActiveCfg = Release|Any CPU
		{FCD8BFFA-C3C1-42A0-AEC2-608CD17A9B25}.Release|Any CPU.Build.0 = Release|Any CPU
	EndGlobalSection
	GlobalSection(SolutionProperties) = preSolution
		HideSolutionNode = FALSE
	EndGlobalSection
	GlobalSection(ExtensibilityGlobals) = postSolution
		SolutionGuid = {1951185D-357A-426B-A349-5F56C9BF46BF}
	EndGlobalSection
EndGlobal
